
Microsoft Visual Studio Solution File, Format Version 12.00
# Visual Studio Version 17
VisualStudioVersion = 17.3.32819.101
MinimumVisualStudioVersion = 10.0.40219.1
Project("{9A19103F-16F7-4668-BE54-9A1E7A4F7556}") = "semester3modul6", "semester3modul6.csproj", "{D2B12844-410E-4723-9915-10518CFA0A81}"
EndProject
Global
	GlobalSection(SolutionConfigurationPlatforms) = preSolution
		Debug|Any CPU = Debug|Any CPU
		Release|Any CPU = Release|Any CPU
	EndGlobalSection
	GlobalSection(ProjectConfigurationPlatforms) = postSolution
		{D2B12844-410E-4723-9915-10518CFA0A81}.Debug|Any CPU.ActiveCfg = Debug|Any CPU
		{D2B12844-410E-4723-9915-10518CFA0A81}.Debug|Any CPU.Build.0 = Debug|Any CPU
		{D2B12844-410E-4723-9915-10518CFA0A81}.Release|Any CPU.ActiveCfg = Release|Any CPU
		{D2B12844-410E-4723-9915-10518CFA0A81}.Release|Any CPU.Build.0 = Release|Any CPU
	EndGlobalSection
	GlobalSection(SolutionProperties) = preSolution
		HideSolutionNode = FALSE
	EndGlobalSection
	GlobalSection(ExtensibilityGlobals) = postSolution
		SolutionGuid = {6BB09336-11F7-4765-A782-0B6CBD37C963}
	EndGlobalSection
EndGlobal
